{
  "name": "trevrpc-bench-peer-js",
  "version": "0.1.5",
  "lockfileVersion": 3,
  "requires": true,
  "packages": {
    "": {
      "name": "trevrpc-bench-peer-js",
      "version": "0.1.5",
      "license": "MIT",
      "bin": {
        "trevrpc-bench-peer-js": "trevrpc-bench-peer.js"
      },
      "engines": {
        "node": ">=24 <25"
      },
      "peerDependencies": {
        "@trevrpc/trevrpc-js": "0.1.2"
      },
      "peerDependenciesMeta": {
        "@trevrpc/trevrpc-js": {
          "optional": true
        }
      }
    }
  }
}
