{
  "name": "trevrpc-bench-peer-browser",
  "version": "0.1.2",
  "lockfileVersion": 3,
  "requires": true,
  "packages": {
    "": {
      "name": "trevrpc-bench-peer-browser",
      "version": "0.1.2",
      "license": "MIT",
      "dependencies": {
        "playwright-core": "^1.62.1"
      },
      "bin": {
        "trevrpc-bench-peer-chromium": "trevrpc-bench-peer-chromium.js",
        "trevrpc-bench-peer-firefox": "trevrpc-bench-peer-firefox.js",
        "trevrpc-bench-peer-webkit": "trevrpc-bench-peer-webkit.js",
        "trevrpc-bench-peer-safari": "trevrpc-bench-peer-safari.js"
      },
      "engines": {
        "node": ">=24 <25"
      },
      "peerDependencies": {
        "trevrpc-bench-peer-js": "0.1.2",
        "@trevrpc/trevrpc-js": "0.1.2"
      },
      "peerDependenciesMeta": {
        "trevrpc-bench-peer-js": {
          "optional": true
        },
        "@trevrpc/trevrpc-js": {
          "optional": true
        }
      }
    },
    "node_modules/playwright-core": {
      "version": "1.62.1",
      "resolved": "https://registry.npmjs.org/playwright-core/-/playwright-core-1.62.1.tgz",
      "integrity": "sha512-wPYSwEBJY9GHraISXqyqtx0na0LpO3XEX7jNDhntbex7tzUS7kLnZsOlFruFJB4Hi/rhDMjXGqHewDZ68nYZVw==",
      "license": "Apache-2.0",
      "bin": {
        "playwright-core": "cli.js"
      },
      "engines": {
        "node": ">=20"
      }
    }
  }
}
