{
  "name": "trevrpc-bench-peer-browser",
  "version": "0.2.2",
  "lockfileVersion": 3,
  "requires": true,
  "packages": {
    "": {
      "name": "trevrpc-bench-peer-browser",
      "version": "0.2.2",
      "license": "MIT",
      "dependencies": {
        "playwright-core": "1.61.1"
      },
      "bin": {
        "trevrpc-bench-peer-chromium": "trevrpc-bench-peer-chromium.js",
        "trevrpc-bench-peer-firefox": "trevrpc-bench-peer-firefox.js",
        "trevrpc-bench-peer-webkit": "trevrpc-bench-peer-webkit.js"
      },
      "engines": {
        "node": ">=24 <25"
      },
      "peerDependencies": {
        "@trevrpc/trevrpc-js": "*",
        "trevrpc-bench-peer-js": "*"
      },
      "peerDependenciesMeta": {
        "@trevrpc/trevrpc-js": {
          "optional": true
        },
        "trevrpc-bench-peer-js": {
          "optional": true
        }
      }
    },
    "node_modules/playwright-core": {
      "version": "1.61.1",
      "resolved": "https://registry.npmjs.org/playwright-core/-/playwright-core-1.61.1.tgz",
      "integrity": "sha512-h7Qlt6m4REp25qvIdvbDtVmD4LqVXfpRxhORv9L0jzETM05p4fuPJ3dKyuSXQxDSbXnmS79HAgi9589lGSpLkg==",
      "license": "Apache-2.0",
      "bin": {
        "playwright-core": "cli.js"
      },
      "engines": {
        "node": ">=18"
      }
    }
  }
}
